
Microsoft Visual Studio Solution File, Format Version 12.00
# Visual Studio Version 16
VisualStudioVersion = 16.0.33529.622
MinimumVisualStudioVersion = 10.0.40219.1
Project("{FAE04EC0-301F-11D3-BF4B-00C04F79EFBC}") = "masala8", "masala8\masala8.csproj", "{F3C4211B-924D-42D7-8E03-CD295C85A7D9}"
EndProject
Global
	GlobalSection(SolutionConfigurationPlatforms) = preSolution
		Debug|Any CPU = Debug|Any CPU
		Release|Any CPU = Release|Any CPU
	EndGlobalSection
	GlobalSection(ProjectConfigurationPlatforms) = postSolution
		{F3C4211B-924D-42D7-8E03-CD295C85A7D9}.Debug|Any CPU.ActiveCfg = Debug|Any CPU
		{F3C4211B-924D-42D7-8E03-CD295C85A7D9}.Debug|Any CPU.Build.0 = Debug|Any CPU
		{F3C4211B-924D-42D7-8E03-CD295C85A7D9}.Release|Any CPU.ActiveCfg = Release|Any CPU
		{F3C4211B-924D-42D7-8E03-CD295C85A7D9}.Release|Any CPU.Build.0 = Release|Any CPU
	EndGlobalSection
	GlobalSection(SolutionProperties) = preSolution
		HideSolutionNode = FALSE
	EndGlobalSection
	GlobalSection(ExtensibilityGlobals) = postSolution
		SolutionGuid = {33BCE2EA-1F21-4376-8E42-7236B7B3303B}
	EndGlobalSection
EndGlobal
